
Microsoft Visual Studio Solution File, Format Version 12.00
# Visual Studio Version 16
VisualStudioVersion = 16.0.28516.95
MinimumVisualStudioVersion = 10.0.40219.1
Project("{FAE04EC0-301F-11D3-BF4B-00C04F79EFBC}") = "WebAppExternalLogin", "..\WebAppExternalLogin\WebAppExternalLogin.csproj", "{2B576724-640D-4C51-9A71-1879AB7931CC}"
EndProject
Global
	GlobalSection(SolutionConfigurationPlatforms) = preSolution
		Debug|Any CPU = Debug|Any CPU
		Release|Any CPU = Release|Any CPU
	EndGlobalSection
	GlobalSection(ProjectConfigurationPlatforms) = postSolution
		{2B576724-640D-4C51-9A71-1879AB7931CC}.Debug|Any CPU.ActiveCfg = Debug|Any CPU
		{2B576724-640D-4C51-9A71-1879AB7931CC}.Debug|Any CPU.Build.0 = Debug|Any CPU
		{2B576724-640D-4C51-9A71-1879AB7931CC}.Release|Any CPU.ActiveCfg = Release|Any CPU
		{2B576724-640D-4C51-9A71-1879AB7931CC}.Release|Any CPU.Build.0 = Release|Any CPU
	EndGlobalSection
	GlobalSection(SolutionProperties) = preSolution
		HideSolutionNode = FALSE
	EndGlobalSection
	GlobalSection(ExtensibilityGlobals) = postSolution
		SolutionGuid = {16C698AF-2C48-4796-AEA4-B92A823BF52E}
	EndGlobalSection
EndGlobal
